
Microsoft Visual Studio Solution File, Format Version 12.00
# Visual Studio 15
VisualStudioVersion = 15.0.27130.2024
MinimumVisualStudioVersion = 10.0.40219.1
Project("{FAE04EC0-301F-11D3-BF4B-00C04F79EFBC}") = "FaceDetRec.WPFClient", "FaceDetRec.WPFClient\FaceDetRec.WPFClient.csproj", "{4DB2DBEF-AFB8-4B8F-BE6F-414992D7EA4E}"
EndProject
Project("{FAE04EC0-301F-11D3-BF4B-00C04F79EFBC}") = "FaceDetRec.Tests", "FaceDetRec.Tests\FaceDetRec.Tests.csproj", "{80469DCE-8591-4938-B69D-35A10DAD72DF}"
EndProject
Global
	GlobalSection(SolutionConfigurationPlatforms) = preSolution
		Debug|Any CPU = Debug|Any CPU
		Release|Any CPU = Release|Any CPU
	EndGlobalSection
	GlobalSection(ProjectConfigurationPlatforms) = postSolution
		{4DB2DBEF-AFB8-4B8F-BE6F-414992D7EA4E}.Debug|Any CPU.ActiveCfg = Debug|Any CPU
		{4DB2DBEF-AFB8-4B8F-BE6F-414992D7EA4E}.Debug|Any CPU.Build.0 = Debug|Any CPU
		{4DB2DBEF-AFB8-4B8F-BE6F-414992D7EA4E}.Release|Any CPU.ActiveCfg = Release|Any CPU
		{4DB2DBEF-AFB8-4B8F-BE6F-414992D7EA4E}.Release|Any CPU.Build.0 = Release|Any CPU
		{80469DCE-8591-4938-B69D-35A10DAD72DF}.Debug|Any CPU.ActiveCfg = Debug|Any CPU
		{80469DCE-8591-4938-B69D-35A10DAD72DF}.Debug|Any CPU.Build.0 = Debug|Any CPU
		{80469DCE-8591-4938-B69D-35A10DAD72DF}.Release|Any CPU.ActiveCfg = Release|Any CPU
		{80469DCE-8591-4938-B69D-35A10DAD72DF}.Release|Any CPU.Build.0 = Release|Any CPU
	EndGlobalSection
	GlobalSection(SolutionProperties) = preSolution
		HideSolutionNode = FALSE
	EndGlobalSection
	GlobalSection(ExtensibilityGlobals) = postSolution
		SolutionGuid = {B61E14EA-14EC-427E-8AAD-578E9A9B16EE}
	EndGlobalSection
EndGlobal
